// !$*UTF8*$!
{
	archiveVersion = 1;
	classes = {
	};
	objectVersion = 50;
	objects = {

/* Begin PBXBuildFile section */
		45BD48C825E3B58400C4B1DB /* AppDelegate.swift in Sources */ = {isa = PBXBuildFile; fileRef = 45BD48C725E3B58400C4B1DB /* AppDelegate.swift */; };
		45BD48CA25E3B58400C4B1DB /* SceneDelegate.swift in Sources */ = {isa = PBXBuildFile; fileRef = 45BD48C925E3B58400C4B1DB /* SceneDelegate.swift */; };
		45BD48CF25E3B58400C4B1DB /* Main.storyboard in Resources */ = {isa = PBXBuildFile; fileRef = 45BD48CD25E3B58400C4B1DB /* Main.storyboard */; };
		45BD48D125E3B58800C4B1DB /* Assets.xcassets in Resources */ = {isa = PBXBuildFile; fileRef = 45BD48D025E3B58800C4B1DB /* Assets.xcassets */; };
		45BD48D425E3B58800C4B1DB /* LaunchScreen.storyboard in Resources */ = {isa = PBXBuildFile; fileRef = 45BD48D225E3B58800C4B1DB /* LaunchScreen.storyboard */; };
		45BD48DF25E3B58800C4B1DB /* MemoTests.swift in Sources */ = {isa = PBXBuildFile; fileRef = 45BD48DE25E3B58800C4B1DB /* MemoTests.swift */; };
		45BD48EA25E3B58800C4B1DB /* MemoUITests.swift in Sources */ = {isa = PBXBuildFile; fileRef = 45BD48E925E3B58800C4B1DB /* MemoUITests.swift */; };
/* End PBXBuildFile section */

/* Begin PBXContainerItemProxy section */
		45BD48DB25E3B58800C4B1DB /* PBXContainerItemProxy */ = {
			isa = PBXContainerItemProxy;
			containerPortal = 45BD48BC25E3B58400C4B1DB /* Project object */;
			proxyType = 1;
			remoteGlobalIDString = 45BD48C325E3B58400C4B1DB;
			remoteInfo = Memo;
		};
		45BD48E625E3B58800C4B1DB /* PBXContainerItemProxy */ = {
			isa = PBXContainerItemProxy;
			containerPortal = 45BD48BC25E3B58400C4B1DB /* Project object */;
			proxyType = 1;
			remoteGlobalIDString = 45BD48C325E3B58400C4B1DB;
			remoteInfo = Memo;
		};
/* End PBXContainerItemProxy section */

/* Begin PBXFileReference section */
		45BD48C425E3B58400C4B1DB /* Memo.app */ = {isa = PBXFileReference; explicitFileType = wrapper.application; includeInIndex = 0; path = Memo.app; sourceTree = BUILT_PRODUCTS_DIR; };
		45BD48C725E3B58400C4B1DB /* AppDelegate.swift */ = {isa = PBXFileReference; lastKnownFileType = sourcecode.swift; path = AppDelegate.swift; sourceTree = "<group>"; };
		45BD48C925E3B58400C4B1DB /* SceneDelegate.swift */ = {isa = PBXFileReference; lastKnownFileType = sourcecode.swift; path = SceneDelegate.swift; sourceTree = "<group>"; };
		45BD48CE25E3B58400C4B1DB /* Base */ = {isa = PBXFileReference; lastKnownFileType = file.storyboard; name = Base; path = Base.lproj/Main.storyboard; sourceTree = "<group>"; };
		45BD48D025E3B58800C4B1DB /* Assets.xcassets */ = {isa = PBXFileReference; lastKnownFileType = folder.assetcatalog; path = Assets.xcassets; sourceTree = "<group>"; };
		45BD48D325E3B58800C4B1DB /* Base */ = {isa = PBXFileReference; lastKnownFileType = file.storyboard; name = Base; path = Base.lproj/LaunchScreen.storyboard; sourceTree = "<group>"; };
		45BD48D525E3B58800C4B1DB /* Info.plist */ = {isa = PBXFileReference; lastKnownFileType = text.plist.xml; path = Info.plist; sourceTree = "<group>"; };
		45BD48DA25E3B58800C4B1DB /* MemoTests.xctest */ = {isa = PBXFileReference; explicitFileType = wrapper.cfbundle; includeInIndex = 0; path = MemoTests.xctest; sourceTree = BUILT_PRODUCTS_DIR; };
		45BD48DE25E3B58800C4B1DB /* MemoTests.swift */ = {isa = PBXFileReference; lastKnownFileType = sourcecode.swift; path = MemoTests.swift; sourceTree = "<group>"; };
		45BD48E025E3B58800C4B1DB /* Info.plist */ = {isa = PBXFileReference; lastKnownFileType = text.plist.xml; path = Info.plist; sourceTree = "<group>"; };
		45BD48E525E3B58800C4B1DB /* MemoUITests.xctest */ = {isa = PBXFileReference; explicitFileType = wrapper.cfbundle; includeInIndex = 0; path = MemoUITests.xctest; sourceTree = BUILT_PRODUCTS_DIR; };
		45BD48E925E3B58800C4B1DB /* MemoUITests.swift */ = {isa = PBXFileReference; lastKnownFileType = sourcecode.swift; path = MemoUITests.swift; sourceTree = "<group>"; };
		45BD48EB25E3B58800C4B1DB /* Info.plist */ = {isa = PBXFileReference; lastKnownFileType = text.plist.xml; path = Info.plist; sourceTree = "<group>"; };
/* End PBXFileReference section */

/* Begin PBXFrameworksBuildPhase section */
		45BD48C125E3B58400C4B1DB /* Frameworks */ = {
			isa = PBXFrameworksBuildPhase;
			buildActionMask = 2147483647;
			files = (
			);
			runOnlyForDeploymentPostprocessing = 0;
		};
		45BD48D725E3B58800C4B1DB /* Frameworks */ = {
			isa = PBXFrameworksBuildPhase;
			buildActionMask = 2147483647;
			files = (
			);
			runOnlyForDeploymentPostprocessing = 0;
		};
		45BD48E225E3B58800C4B1DB /* Frameworks */ = {
			isa = PBXFrameworksBuildPhase;
			buildActionMask = 2147483647;
			files = (
			);
			runOnlyForDeploymentPostprocessing = 0;
		};
/* End PBXFrameworksBuildPhase section */

/* Begin PBXGroup section */
		45BD48BB25E3B58400C4B1DB = {
			isa = PBXGroup;
			children = (
				45BD48C625E3B58400C4B1DB /* Memo */,
				45BD48DD25E3B58800C4B1DB /* MemoTests */,
				45BD48E825E3B58800C4B1DB /* MemoUITests */,
				45BD48C525E3B58400C4B1DB /* Products */,
			);
			sourceTree = "<group>";
		};
		45BD48C525E3B58400C4B1DB /* Products */ = {
			isa = PBXGroup;
			children = (
				45BD48C425E3B58400C4B1DB /* Memo.app */,
				45BD48DA25E3B58800C4B1DB /* MemoTests.xctest */,
				45BD48E525E3B58800C4B1DB /* MemoUITests.xctest */,
			);
			name = Products;
			sourceTree = "<group>";
		};
		45BD48C625E3B58400C4B1DB /* Memo */ = {
			isa = PBXGroup;
			children = (
				45BD48C725E3B58400C4B1DB /* AppDelegate.swift */,
				45BD48C925E3B58400C4B1DB /* SceneDelegate.swift */,
				45BD48CD25E3B58400C4B1DB /* Main.storyboard */,
				45BD48D025E3B58800C4B1DB /* Assets.xcassets */,
				45BD48D225E3B58800C4B1DB /* LaunchScreen.storyboard */,
				45BD48D525E3B58800C4B1DB /* Info.plist */,
			);
			path = Memo;
			sourceTree = "<group>";
		};
		45BD48DD25E3B58800C4B1DB /* MemoTests */ = {
			isa = PBXGroup;
			children = (
				45BD48DE25E3B58800C4B1DB /* MemoTests.swift */,
				45BD48E025E3B58800C4B1DB /* Info.plist */,
			);
			path = MemoTests;
			sourceTree = "<group>";
		};
		45BD48E825E3B58800C4B1DB /* MemoUITests */ = {
			isa = PBXGroup;
			children = (
				45BD48E925E3B58800C4B1DB /* MemoUITests.swift */,
				45BD48EB25E3B58800C4B1DB /* Info.plist */,
			);
			path = MemoUITests;
			sourceTree = "<group>";
		};
/* End PBXGroup section */

/* Begin PBXNativeTarget section */
		45BD48C325E3B58400C4B1DB /* Memo */ = {
			isa = PBXNativeTarget;
			buildConfigurationList = 45BD48EE25E3B58800C4B1DB /* Build configuration list for PBXNativeTarget "Memo" */;
			buildPhases = (
				45BD48C025E3B58400C4B1DB /* Sources */,
				45BD48C125E3B58400C4B1DB /* Frameworks */,
				45BD48C225E3B58400C4B1DB /* Resources */,
			);
			buildRules = (
			);
			dependencies = (
			);
			name = Memo;
			productName = Memo;
			productReference = 45BD48C425E3B58400C4B1DB /* Memo.app */;
			productType = "com.apple.product-type.application";
		};
		45BD48D925E3B58800C4B1DB /* MemoTests */ = {
			isa = PBXNativeTarget;
			buildConfigurationList = 45BD48F125E3B58800C4B1DB /* Build configuration list for PBXNativeTarget "MemoTests" */;
			buildPhases = (
				45BD48D625E3B58800C4B1DB /* Sources */,
				45BD48D725E3B58800C4B1DB /* Frameworks */,
				45BD48D825E3B58800C4B1DB /* Resources */,
			);
			buildRules = (
			);
			dependencies = (
				45BD48DC25E3B58800C4B1DB /* PBXTargetDependency */,
			);
			name = MemoTests;
			productName = MemoTests;
			productReference = 45BD48DA25E3B58800C4B1DB /* MemoTests.xctest */;
			productType = "com.apple.product-type.bundle.unit-test";
		};
		45BD48E425E3B58800C4B1DB /* MemoUITests */ = {
			isa = PBXNativeTarget;
			buildConfigurationList = 45BD48F425E3B58800C4B1DB /* Build configuration list for PBXNativeTarget "MemoUITests" */;
			buildPhases = (
				45BD48E125E3B58800C4B1DB /* Sources */,
				45BD48E225E3B58800C4B1DB /* Frameworks */,
				45BD48E325E3B58800C4B1DB /* Resources */,
			);
			buildRules = (
			);
			dependencies = (
				45BD48E725E3B58800C4B1DB /* PBXTargetDependency */,
			);
			name = MemoUITests;
			productName = MemoUITests;
			productReference = 45BD48E525E3B58800C4B1DB /* MemoUITests.xctest */;
			productType = "com.apple.product-type.bundle.ui-testing";
		};
/* End PBXNativeTarget section */

/* Begin PBXProject section */
		45BD48BC25E3B58400C4B1DB /* Project object */ = {
			isa = PBXProject;
			attributes = {
				LastSwiftUpdateCheck = 1220;
				LastUpgradeCheck = 1220;
				TargetAttributes = {
					45BD48C325E3B58400C4B1DB = {
						CreatedOnToolsVersion = 12.2;
					};
					45BD48D925E3B58800C4B1DB = {
						CreatedOnToolsVersion = 12.2;
						TestTargetID = 45BD48C325E3B58400C4B1DB;
					};
					45BD48E425E3B58800C4B1DB = {
						CreatedOnToolsVersion = 12.2;
						TestTargetID = 45BD48C325E3B58400C4B1DB;
					};
				};
			};
			buildConfigurationList = 45BD48BF25E3B58400C4B1DB /* Build configuration list for PBXProject "Memo" */;
			compatibilityVersion = "Xcode 9.3";
			developmentRegion = en;
			hasScannedForEncodings = 0;
			knownRegions = (
				en,
				Base,
			);
			mainGroup = 45BD48BB25E3B58400C4B1DB;
			productRefGroup = 45BD48C525E3B58400C4B1DB /* Products */;
			projectDirPath = "";
			projectRoot = "";
			targets = (
				45BD48C325E3B58400C4B1DB /* Memo */,
				45BD48D925E3B58800C4B1DB /* MemoTests */,
				45BD48E425E3B58800C4B1DB /* MemoUITests */,
			);
		};
/* End PBXProject section */

/* Begin PBXResourcesBuildPhase section */
		45BD48C225E3B58400C4B1DB /* Resources */ = {
			isa = PBXResourcesBuildPhase;
			buildActionMask = 2147483647;
			files = (
				45BD48D425E3B58800C4B1DB /* LaunchScreen.storyboard in Resources */,
				45BD48D125E3B58800C4B1DB /* Assets.xcassets in Resources */,
				45BD48CF25E3B58400C4B1DB /* Main.storyboard in Resources */,
			);
			runOnlyForDeploymentPostprocessing = 0;
		};
		45BD48D825E3B58800C4B1DB /* Resources */ = {
			isa = PBXResourcesBuildPhase;
			buildActionMask = 2147483647;
			files = (
			);
			runOnlyForDeploymentPostprocessing = 0;
		};
		45BD48E325E3B58800C4B1DB /* Resources */ = {
			isa = PBXResourcesBuildPhase;
			buildActionMask = 2147483647;
			files = (
			);
			runOnlyForDeploymentPostprocessing = 0;
		};
/* End PBXResourcesBuildPhase section */

/* Begin PBXSourcesBuildPhase section */
		45BD48C025E3B58400C4B1DB /* Sources */ = {
			isa = PBXSourcesBuildPhase;
			buildActionMask = 2147483647;
			files = (
				45BD48C825E3B58400C4B1DB /* AppDelegate.swift in Sources */,
				45BD48CA25E3B58400C4B1DB /* SceneDelegate.swift in Sources */,
			);
			runOnlyForDeploymentPostprocessing = 0;
		};
		45BD48D625E3B58800C4B1DB /* Sources */ = {
			isa = PBXSourcesBuildPhase;
			buildActionMask = 2147483647;
			files = (
				45BD48DF25E3B58800C4B1DB /* MemoTests.swift in Sources */,
			);
			runOnlyForDeploymentPostprocessing = 0;
		};
		45BD48E125E3B58800C4B1DB /* Sources */ = {
			isa = PBXSourcesBuildPhase;
			buildActionMask = 2147483647;
			files = (
				45BD48EA25E3B58800C4B1DB /* MemoUITests.swift in Sources */,
			);
			runOnlyForDeploymentPostprocessing = 0;
		};
/* End PBXSourcesBuildPhase section */

/* Begin PBXTargetDependency section */
		45BD48DC25E3B58800C4B1DB /* PBXTargetDependency */ = {
			isa = PBXTargetDependency;
			target = 45BD48C325E3B58400C4B1DB /* Memo */;
			targetProxy = 45BD48DB25E3B58800C4B1DB /* PBXContainerItemProxy */;
		};
		45BD48E725E3B58800C4B1DB /* PBXTargetDependency */ = {
			isa = PBXTargetDependency;
			target = 45BD48C325E3B58400C4B1DB /* Memo */;
			targetProxy = 45BD48E625E3B58800C4B1DB /* PBXContainerItemProxy */;
		};
/* End PBXTargetDependency section */

/* Begin PBXVariantGroup section */
		45BD48CD25E3B58400C4B1DB /* Main.storyboard */ = {
			isa = PBXVariantGroup;
			children = (
				45BD48CE25E3B58400C4B1DB /* Base */,
			);
			name = Main.storyboard;
			sourceTree = "<group>";
		};
		45BD48D225E3B58800C4B1DB /* LaunchScreen.storyboard */ = {
			isa = PBXVariantGroup;
			children = (
				45BD48D325E3B58800C4B1DB /* Base */,
			);
			name = LaunchScreen.storyboard;
			sourceTree = "<group>";
		};
/* End PBXVariantGroup section */

/* Begin XCBuildConfiguration section */
		45BD48EC25E3B58800C4B1DB /* Debug */ = {
			isa = XCBuildConfiguration;
			buildSettings = {
				ALWAYS_SEARCH_USER_PATHS = NO;
				CLANG_ANALYZER_NONNULL = YES;
				CLANG_ANALYZER_NUMBER_OBJECT_CONVERSION = YES_AGGRESSIVE;
				CLANG_CXX_LANGUAGE_STANDARD = "gnu++14";
				CLANG_CXX_LIBRARY = "libc++";
				CLANG_ENABLE_MODULES = YES;
				CLANG_ENABLE_OBJC_ARC = YES;
				CLANG_ENABLE_OBJC_WEAK = YES;
				CLANG_WARN_BLOCK_CAPTURE_AUTORELEASING = YES;
				CLANG_WARN_BOOL_CONVERSION = YES;
				CLANG_WARN_COMMA = YES;
				CLANG_WARN_CONSTANT_CONVERSION = YES;
				CLANG_WARN_DEPRECATED_OBJC_IMPLEMENTATIONS = YES;
				CLANG_WARN_DIRECT_OBJC_ISA_USAGE = YES_ERROR;
				CLANG_WARN_DOCUMENTATION_COMMENTS = YES;
				CLANG_WARN_EMPTY_BODY = YES;
				CLANG_WARN_ENUM_CONVERSION = YES;
				CLANG_WARN_INFINITE_RECURSION = YES;
				CLANG_WARN_INT_CONVERSION = YES;
				CLANG_WARN_NON_LITERAL_NULL_CONVERSION = YES;
				CLANG_WARN_OBJC_IMPLICIT_RETAIN_SELF = YES;
				CLANG_WARN_OBJC_LITERAL_CONVERSION = YES;
				CLANG_WARN_OBJC_ROOT_CLASS = YES_ERROR;
				CLANG_WARN_QUOTED_INCLUDE_IN_FRAMEWORK_HEADER = YES;
				CLANG_WARN_RANGE_LOOP_ANALYSIS = YES;
				CLANG_WARN_STRICT_PROTOTYPES = YES;
				CLANG_WARN_SUSPICIOUS_MOVE = YES;
				CLANG_WARN_UNGUARDED_AVAILABILITY = YES_AGGRESSIVE;
				CLANG_WARN_UNREACHABLE_CODE = YES;
				CLANG_WARN__DUPLICATE_METHOD_MATCH = YES;
				COPY_PHASE_STRIP = NO;
				DEBUG_INFORMATION_FORMAT = dwarf;
				ENABLE_STRICT_OBJC_MSGSEND = YES;
				ENABLE_TESTABILITY = YES;
				GCC_C_LANGUAGE_STANDARD = gnu11;
				GCC_DYNAMIC_NO_PIC = NO;
				GCC_NO_COMMON_BLOCKS = YES;
				GCC_OPTIMIZATION_LEVEL = 0;
				GCC_PREPROCESSOR_DEFINITIONS = (
					"DEBUG=1",
					"$(inherited)",
				);
				GCC_WARN_64_TO_32_BIT_CONVERSION = YES;
				GCC_WARN_ABOUT_RETURN_TYPE = YES_ERROR;
				GCC_WARN_UNDECLARED_SELECTOR = YES;
				GCC_WARN_UNINITIALIZED_AUTOS = YES_AGGRESSIVE;
				GCC_WARN_UNUSED_FUNCTION = YES;
				GCC_WARN_UNUSED_VARIABLE = YES;
				IPHONEOS_DEPLOYMENT_TARGET = 14.2;
				MTL_ENABLE_DEBUG_INFO = INCLUDE_SOURCE;
				MTL_FAST_MATH = YES;
				ONLY_ACTIVE_ARCH = YES;
				SDKROOT = iphoneos;
				SWIFT_ACTIVE_COMPILATION_CONDITIONS = DEBUG;
				SWIFT_OPTIMIZATION_LEVEL = "-Onone";
			};
			name = Debug;
		};
		45BD48ED25E3B58800C4B1DB /* Release */ = {
			isa = XCBuildConfiguration;
			buildSettings = {
				ALWAYS_SEARCH_USER_PATHS = NO;
				CLANG_ANALYZER_NONNULL = YES;
				CLANG_ANALYZER_NUMBER_OBJECT_CONVERSION = YES_AGGRESSIVE;
				CLANG_CXX_LANGUAGE_STANDARD = "gnu++14";
				CLANG_CXX_LIBRARY = "libc++";
				CLANG_ENABLE_MODULES = YES;
				CLANG_ENABLE_OBJC_ARC = YES;
				CLANG_ENABLE_OBJC_WEAK = YES;
				CLANG_WARN_BLOCK_CAPTURE_AUTORELEASING = YES;
				CLANG_WARN_BOOL_CONVERSION = YES;
				CLANG_WARN_COMMA = YES;
				CLANG_WARN_CONSTANT_CONVERSION = YES;
				CLANG_WARN_DEPRECATED_OBJC_IMPLEMENTATIONS = YES;
				CLANG_WARN_DIRECT_OBJC_ISA_USAGE = YES_ERROR;
				CLANG_WARN_DOCUMENTATION_COMMENTS = YES;
				CLANG_WARN_EMPTY_BODY = YES;
				CLANG_WARN_ENUM_CONVERSION = YES;
				CLANG_WARN_INFINITE_RECURSION = YES;
				CLANG_WARN_INT_CONVERSION = YES;
				CLANG_WARN_NON_LITERAL_NULL_CONVERSION = YES;
				CLANG_WARN_OBJC_IMPLICIT_RETAIN_SELF = YES;
				CLANG_WARN_OBJC_LITERAL_CONVERSION = YES;
				CLANG_WARN_OBJC_ROOT_CLASS = YES_ERROR;
				CLANG_WARN_QUOTED_INCLUDE_IN_FRAMEWORK_HEADER = YES;
				CLANG_WARN_RANGE_LOOP_ANALYSIS = YES;
				CLANG_WARN_STRICT_PROTOTYPES = YES;
				CLANG_WARN_SUSPICIOUS_MOVE = YES;
				CLANG_WARN_UNGUARDED_AVAILABILITY = YES_AGGRESSIVE;
				CLANG_WARN_UNREACHABLE_CODE = YES;
				CLANG_WARN__DUPLICATE_METHOD_MATCH = YES;
				COPY_PHASE_STRIP = NO;
				DEBUG_INFORMATION_FORMAT = "dwarf-with-dsym";
				ENABLE_NS_ASSERTIONS = NO;
				ENABLE_STRICT_OBJC_MSGSEND = YES;
				GCC_C_LANGUAGE_STANDARD = gnu11;
				GCC_NO_COMMON_BLOCKS = YES;
				GCC_WARN_64_TO_32_BIT_CONVERSION = YES;
				GCC_WARN_ABOUT_RETURN_TYPE = YES_ERROR;
				GCC_WARN_UNDECLARED_SELECTOR = YES;
				GCC_WARN_UNINITIALIZED_AUTOS = YES_AGGRESSIVE;
				GCC_WARN_UNUSED_FUNCTION = YES;
				GCC_WARN_UNUSED_VARIABLE = YES;
				IPHONEOS_DEPLOYMENT_TARGET = 14.2;
				MTL_ENABLE_DEBUG_INFO = NO;
				MTL_FAST_MATH = YES;
				SDKROOT = iphoneos;
				SWIFT_COMPILATION_MODE = wholemodule;
				SWIFT_OPTIMIZATION_LEVEL = "-O";
				VALIDATE_PRODUCT = YES;
			};
			name = Release;
		};
		45BD48EF25E3B58800C4B1DB /* Debug */ = {
			isa = XCBuildConfiguration;
			buildSettings = {
				ASSETCATALOG_COMPILER_APPICON_NAME = AppIcon;
				ASSETCATALOG_COMPILER_GLOBAL_ACCENT_COLOR_NAME = AccentColor;
				CODE_SIGN_STYLE = Automatic;
				DEVELOPMENT_TEAM = 2X627QQ934;
				INFOPLIST_FILE = Memo/Info.plist;
				LD_RUNPATH_SEARCH_PATHS = (
					"$(inherited)",
					"@executable_path/Frameworks",
				);
				PRODUCT_BUNDLE_IDENTIFIER = com.exception.Memo;
				PRODUCT_NAME = "$(TARGET_NAME)";
				SWIFT_VERSION = 5.0;
				TARGETED_DEVICE_FAMILY = "1,2";
			};
			name = Debug;
		};
		45BD48F025E3B58800C4B1DB /* Release */ = {
			isa = XCBuildConfiguration;
			buildSettings = {
				ASSETCATALOG_COMPILER_APPICON_NAME = AppIcon;
				ASSETCATALOG_COMPILER_GLOBAL_ACCENT_COLOR_NAME = AccentColor;
				CODE_SIGN_STYLE = Automatic;
				DEVELOPMENT_TEAM = 2X627QQ934;
				INFOPLIST_FILE = Memo/Info.plist;
				LD_RUNPATH_SEARCH_PATHS = (
					"$(inherited)",
					"@executable_path/Frameworks",
				);
				PRODUCT_BUNDLE_IDENTIFIER = com.exception.Memo;
				PRODUCT_NAME = "$(TARGET_NAME)";
				SWIFT_VERSION = 5.0;
				TARGETED_DEVICE_FAMILY = "1,2";
			};
			name = Release;
		};
		45BD48F225E3B58800C4B1DB /* Debug */ = {
			isa = XCBuildConfiguration;
			buildSettings = {
				ALWAYS_EMBED_SWIFT_STANDARD_LIBRARIES = YES;
				BUNDLE_LOADER = "$(TEST_HOST)";
				CODE_SIGN_STYLE = Automatic;
				DEVELOPMENT_TEAM = 2X627QQ934;
				INFOPLIST_FILE = MemoTests/Info.plist;
				IPHONEOS_DEPLOYMENT_TARGET = 14.2;
				LD_RUNPATH_SEARCH_PATHS = (
					"$(inherited)",
					"@executable_path/Frameworks",
					"@loader_path/Frameworks",
				);
				PRODUCT_BUNDLE_IDENTIFIER = com.exception.MemoTests;
				PRODUCT_NAME = "$(TARGET_NAME)";
				SWIFT_VERSION = 5.0;
				TARGETED_DEVICE_FAMILY = "1,2";
				TEST_HOST = "$(BUILT_PRODUCTS_DIR)/Memo.app/Memo";
			};
			name = Debug;
		};
		45BD48F325E3B58800C4B1DB /* Release */ = {
			isa = XCBuildConfiguration;
			buildSettings = {
				ALWAYS_EMBED_SWIFT_STANDARD_LIBRARIES = YES;
				BUNDLE_LOADER = "$(TEST_HOST)";
				CODE_SIGN_STYLE = Automatic;
				DEVELOPMENT_TEAM = 2X627QQ934;
				INFOPLIST_FILE = MemoTests/Info.plist;
				IPHONEOS_DEPLOYMENT_TARGET = 14.2;
				LD_RUNPATH_SEARCH_PATHS = (
					"$(inherited)",
					"@executable_path/Frameworks",
					"@loader_path/Frameworks",
				);
				PRODUCT_BUNDLE_IDENTIFIER = com.exception.MemoTests;
				PRODUCT_NAME = "$(TARGET_NAME)";
				SWIFT_VERSION = 5.0;
				TARGETED_DEVICE_FAMILY = "1,2";
				TEST_HOST = "$(BUILT_PRODUCTS_DIR)/Memo.app/Memo";
			};
			name = Release;
		};
		45BD48F525E3B58800C4B1DB /* Debug */ = {
			isa = XCBuildConfiguration;
			buildSettings = {
				ALWAYS_EMBED_SWIFT_STANDARD_LIBRARIES = YES;
				CODE_SIGN_STYLE = Automatic;
				DEVELOPMENT_TEAM = 2X627QQ934;
				INFOPLIST_FILE = MemoUITests/Info.plist;
				LD_RUNPATH_SEARCH_PATHS = (
					"$(inherited)",
					"@executable_path/Frameworks",
					"@loader_path/Frameworks",
				);
				PRODUCT_BUNDLE_IDENTIFIER = com.exception.MemoUITests;
				PRODUCT_NAME = "$(TARGET_NAME)";
				SWIFT_VERSION = 5.0;
				TARGETED_DEVICE_FAMILY = "1,2";
				TEST_TARGET_NAME = Memo;
			};
			name = Debug;
		};
		45BD48F625E3B58800C4B1DB /* Release */ = {
			isa = XCBuildConfiguration;
			buildSettings = {
				ALWAYS_EMBED_SWIFT_STANDARD_LIBRARIES = YES;
				CODE_SIGN_STYLE = Automatic;
				DEVELOPMENT_TEAM = 2X627QQ934;
				INFOPLIST_FILE = MemoUITests/Info.plist;
				LD_RUNPATH_SEARCH_PATHS = (
					"$(inherited)",
					"@executable_path/Frameworks",
					"@loader_path/Frameworks",
				);
				PRODUCT_BUNDLE_IDENTIFIER = com.exception.MemoUITests;
				PRODUCT_NAME = "$(TARGET_NAME)";
				SWIFT_VERSION = 5.0;
				TARGETED_DEVICE_FAMILY = "1,2";
				TEST_TARGET_NAME = Memo;
			};
			name = Release;
		};
/* End XCBuildConfiguration section */

/* Begin XCConfigurationList section */
		45BD48BF25E3B58400C4B1DB /* Build configuration list for PBXProject "Memo" */ = {
			isa = XCConfigurationList;
			buildConfigurations = (
				45BD48EC25E3B58800C4B1DB /* Debug */,
				45BD48ED25E3B58800C4B1DB /* Release */,
			);
			defaultConfigurationIsVisible = 0;
			defaultConfigurationName = Release;
		};
		45BD48EE25E3B58800C4B1DB /* Build configuration list for PBXNativeTarget "Memo" */ = {
			isa = XCConfigurationList;
			buildConfigurations = (
				45BD48EF25E3B58800C4B1DB /* Debug */,
				45BD48F025E3B58800C4B1DB /* Release */,
			);
			defaultConfigurationIsVisible = 0;
			defaultConfigurationName = Release;
		};
		45BD48F125E3B58800C4B1DB /* Build configuration list for PBXNativeTarget "MemoTests" */ = {
			isa = XCConfigurationList;
			buildConfigurations = (
				45BD48F225E3B58800C4B1DB /* Debug */,
				45BD48F325E3B58800C4B1DB /* Release */,
			);
			defaultConfigurationIsVisible = 0;
			defaultConfigurationName = Release;
		};
		45BD48F425E3B58800C4B1DB /* Build configuration list for PBXNativeTarget "MemoUITests" */ = {
			isa = XCConfigurationList;
			buildConfigurations = (
				45BD48F525E3B58800C4B1DB /* Debug */,
				45BD48F625E3B58800C4B1DB /* Release */,
			);
			defaultConfigurationIsVisible = 0;
			defaultConfigurationName = Release;
		};
/* End XCConfigurationList section */
	};
	rootObject = 45BD48BC25E3B58400C4B1DB /* Project object */;
}
